github.com/GoCraft-MC/gocraft-abi v0.0.0-20260901110452-4a542296899d h1:fBEu7rt/Gb48N1pkukI8l7/qmqRoVdjSSM3siDtOx7s=
github.com/GoCraft-MC/gocraft-abi v0.0.0-20260901110452-4a542296899d/go.mod h1:Hh+FkQF+xDkBKaJmL3nUuBdwZNwMzLKnKNcP9UQlxio=
github.com/GoCraft-MC/gocraft-abi v0.1.0 h1:h+NG9NujTNgtYJZhaxQwlhdD9kW2CsdUoOjZS7sWjFo=
github.com/GoCraft-MC/gocraft-abi v0.1.0/go.mod h1:Hh+FkQF+xDkBKaJmL3nUuBdwZNwMzLKnKNcP9UQlxio=
github.com/google/go-cmp v0.7.0 h1:wk8382ETsv4JYUZwIsn6YpYiWiBsYLSJiTsyBybVuN8=
github.com/google/go-cmp v0.7.0/go.mod h1:pXiqmnSA92OHEEa9HXL2W4E7lf9JzCmGVUdgjX3N/iU=
google.golang.org/protobuf v1.36.11 h1:fV6ZwhNocDyBLK0dj+fg8ektcVegBBuEolpbTQyBNVE=
google.golang.org/protobuf v1.36.11/go.mod h1:HTf+CrKn2C3g5S8VImy6tdcUvCska2kB7j23XfzDpco=
